
Microsoft Visual Studio Solution File, Format Version 12.00
# Visual Studio 14
VisualStudioVersion = 14.0.25420.1
MinimumVisualStudioVersion = 10.0.40219.1
Project("{FAE04EC0-301F-11D3-BF4B-00C04F79EFBC}") = "AllJoynDotNet.NET45", "AllJoynDotNet\NET45\AllJoynDotNet.NET45.csproj", "{301EEA53-637A-4625-8199-FA2AAC2E9906}"
EndProject
Project("{FAE04EC0-301F-11D3-BF4B-00C04F79EFBC}") = "TestApp.UWP", "TestApps\TestApp.UWP\TestApp.UWP.csproj", "{FE5D7C82-A340-49D9-BA6F-001EE03C1793}"
EndProject
Project("{D954291E-2A0B-460D-934E-DC6B0785DB48}") = "AllJoynDotNet.Shared", "AllJoynDotNet\Shared\AllJoynDotNet.Shared.shproj", "{D44B775E-6A8D-41D7-96D7-C6EEAFFE8EFE}"
EndProject
Project("{FAE04EC0-301F-11D3-BF4B-00C04F79EFBC}") = "AllJoynDotNet.UWP", "AllJoynDotNet\Universal\AllJoynDotNet.UWP.csproj", "{0FCE6E6B-4E10-4C7A-81C4-22BDC4CB17BD}"
EndProject
Project("{FAE04EC0-301F-11D3-BF4B-00C04F79EFBC}") = "PInvokeCodeGenerator", "Tools\PInvokeCodeGenerator\PInvokeCodeGenerator.csproj", "{FE27EC40-AE0E-4DA0-89B6-4EA4C095BC10}"
EndProject
Project("{D954291E-2A0B-460D-934E-DC6B0785DB48}") = "AllJoynDotNet.GeneratedInterop", "AllJoynDotNet\Generated\AllJoynDotNet.GeneratedInterop.shproj", "{F362BD9C-88A5-46FB-8B06-D07B484222C0}"
EndProject
Project("{2150E333-8FDC-42A3-9474-1A3956D46DE8}") = "Platforms", "Platforms", "{F0EE724B-C28F-4C09-86A6-B87021052DFD}"
EndProject
Project("{FAE04EC0-301F-11D3-BF4B-00C04F79EFBC}") = "AllJoynDotNet.Android", "AllJoynDotNet\Android\AllJoynDotNet.Android.csproj", "{5FCC1095-AE51-470E-96DE-530B3B549E57}"
EndProject
Project("{2150E333-8FDC-42A3-9474-1A3956D46DE8}") = "Tests", "Tests", "{4D4CC3E6-5BD8-4BB2-91F5-154D9F82AABB}"
EndProject
Project("{2150E333-8FDC-42A3-9474-1A3956D46DE8}") = "TestApps", "TestApps", "{C257BD17-9B68-4CA2-858D-A616983E340D}"
EndProject
Project("{2150E333-8FDC-42A3-9474-1A3956D46DE8}") = "SharedWrapper", "SharedWrapper", "{1E594A8C-F8EB-4B9F-B957-D20C0EBC7921}"
EndProject
Project("{2150E333-8FDC-42A3-9474-1A3956D46DE8}") = "Tools", "Tools", "{A9D136F1-02EC-4AF4-A4D4-CB8F17C1104D}"
EndProject
Project("{FAE04EC0-301F-11D3-BF4B-00C04F79EFBC}") = "TestApp.Android", "TestApps\TestApp.Android\TestApp.Android.csproj", "{792443C9-6C9F-4434-AD5C-88193C118FC8}"
EndProject
Project("{FAE04EC0-301F-11D3-BF4B-00C04F79EFBC}") = "TestApp.NET45", "TestApps\TestApp.NET45\TestApp.NET45.csproj", "{E629BE54-196F-4EEB-878C-5CB2C5F5C645}"
EndProject
Project("{FAE04EC0-301F-11D3-BF4B-00C04F79EFBC}") = "UnitTests.NET45", "Tests\NET45\UnitTests.NET45.csproj", "{E8BE30ED-815B-4498-99B6-819F33CEC5D8}"
EndProject
Project("{D954291E-2A0B-460D-934E-DC6B0785DB48}") = "TestApp.Shared", "TestApp.Shared\TestApp.Shared.shproj", "{0AFB822A-F55F-4088-BF84-D58F23C8DB30}"
EndProject
Project("{FAE04EC0-301F-11D3-BF4B-00C04F79EFBC}") = "AllJoynDotNet.iOS", "AllJoynDotNet\iOS\AllJoynDotNet.iOS.csproj", "{75DD2887-D200-4A3F-AEAA-04CAF991C3B7}"
EndProject
Project("{FAE04EC0-301F-11D3-BF4B-00C04F79EFBC}") = "TestApp.iOS", "TestApps\TestApp.iOS\TestApp.iOS.csproj", "{6AABC256-099D-4A05-8BA8-5A48E3400906}"
EndProject
Global
	GlobalSection(SharedMSBuildProjectFiles) = preSolution
		TestApp.Shared\TestApp.Shared.projitems*{0afb822a-f55f-4088-bf84-d58f23c8db30}*SharedItemsImports = 13
		AllJoynDotNet\Generated\AllJoynDotNet.GeneratedInterop.projitems*{0fce6e6b-4e10-4c7a-81c4-22bdc4cb17bd}*SharedItemsImports = 4
		AllJoynDotNet\Shared\AllJoynDotNet.Shared.projitems*{0fce6e6b-4e10-4c7a-81c4-22bdc4cb17bd}*SharedItemsImports = 4
		AllJoynDotNet\Generated\AllJoynDotNet.GeneratedInterop.projitems*{301eea53-637a-4625-8199-fa2aac2e9906}*SharedItemsImports = 4
		AllJoynDotNet\Shared\AllJoynDotNet.Shared.projitems*{301eea53-637a-4625-8199-fa2aac2e9906}*SharedItemsImports = 4
		AllJoynDotNet\Generated\AllJoynDotNet.GeneratedInterop.projitems*{5fcc1095-ae51-470e-96de-530b3b549e57}*SharedItemsImports = 4
		AllJoynDotNet\Shared\AllJoynDotNet.Shared.projitems*{5fcc1095-ae51-470e-96de-530b3b549e57}*SharedItemsImports = 4
		TestApp.Shared\TestApp.Shared.projitems*{6aabc256-099d-4a05-8ba8-5a48e3400906}*SharedItemsImports = 4
		AllJoynDotNet\Generated\AllJoynDotNet.GeneratedInterop.projitems*{75dd2887-d200-4a3f-aeaa-04caf991c3b7}*SharedItemsImports = 4
		AllJoynDotNet\Shared\AllJoynDotNet.Shared.projitems*{75dd2887-d200-4a3f-aeaa-04caf991c3b7}*SharedItemsImports = 4
		TestApp.Shared\TestApp.Shared.projitems*{792443c9-6c9f-4434-ad5c-88193c118fc8}*SharedItemsImports = 4
		AllJoynDotNet\Shared\AllJoynDotNet.Shared.projitems*{d44b775e-6a8d-41d7-96d7-c6eeaffe8efe}*SharedItemsImports = 13
		TestApp.Shared\TestApp.Shared.projitems*{e629be54-196f-4eeb-878c-5cb2c5f5c645}*SharedItemsImports = 4
		AllJoynDotNet\Generated\AllJoynDotNet.GeneratedInterop.projitems*{f362bd9c-88a5-46fb-8b06-d07b484222c0}*SharedItemsImports = 13
		TestApp.Shared\TestApp.Shared.projitems*{fe5d7c82-a340-49d9-ba6f-001ee03c1793}*SharedItemsImports = 4
	EndGlobalSection
	GlobalSection(SolutionConfigurationPlatforms) = preSolution
		Ad-Hoc|Any CPU = Ad-Hoc|Any CPU
		Ad-Hoc|ARM = Ad-Hoc|ARM
		Ad-Hoc|iPhone = Ad-Hoc|iPhone
		Ad-Hoc|iPhoneSimulator = Ad-Hoc|iPhoneSimulator
		Ad-Hoc|x64 = Ad-Hoc|x64
		Ad-Hoc|x86 = Ad-Hoc|x86
		AppStore|Any CPU = AppStore|Any CPU
		AppStore|ARM = AppStore|ARM
		AppStore|iPhone = AppStore|iPhone
		AppStore|iPhoneSimulator = AppStore|iPhoneSimulator
		AppStore|x64 = AppStore|x64
		AppStore|x86 = AppStore|x86
		Debug|Any CPU = Debug|Any CPU
		Debug|ARM = Debug|ARM
		Debug|iPhone = Debug|iPhone
		Debug|iPhoneSimulator = Debug|iPhoneSimulator
		Debug|x64 = Debug|x64
		Debug|x86 = Debug|x86
		Release|Any CPU = Release|Any CPU
		Release|ARM = Release|ARM
		Release|iPhone = Release|iPhone
		Release|iPhoneSimulator = Release|iPhoneSimulator
		Release|x64 = Release|x64
		Release|x86 = Release|x86
	EndGlobalSection
	GlobalSection(ProjectConfigurationPlatforms) = postSolution
		{301EEA53-637A-4625-8199-FA2AAC2E9906}.Ad-Hoc|Any CPU.ActiveCfg = Release|Any CPU
		{301EEA53-637A-4625-8199-FA2AAC2E9906}.Ad-Hoc|Any CPU.Build.0 = Release|Any CPU
		{301EEA53-637A-4625-8199-FA2AAC2E9906}.Ad-Hoc|ARM.ActiveCfg = Release|Any CPU
		{301EEA53-637A-4625-8199-FA2AAC2E9906}.Ad-Hoc|ARM.Build.0 = Release|Any CPU
		{301EEA53-637A-4625-8199-FA2AAC2E9906}.Ad-Hoc|iPhone.ActiveCfg = Release|Any CPU
		{301EEA53-637A-4625-8199-FA2AAC2E9906}.Ad-Hoc|iPhone.Build.0 = Release|Any CPU
		{301EEA53-637A-4625-8199-FA2AAC2E9906}.Ad-Hoc|iPhoneSimulator.ActiveCfg = Release|Any CPU
		{301EEA53-637A-4625-8199-FA2AAC2E9906}.Ad-Hoc|iPhoneSimulator.Build.0 = Release|Any CPU
		{301EEA53-637A-4625-8199-FA2AAC2E9906}.Ad-Hoc|x64.ActiveCfg = Release|Any CPU
		{301EEA53-637A-4625-8199-FA2AAC2E9906}.Ad-Hoc|x64.Build.0 = Release|Any CPU
		{301EEA53-637A-4625-8199-FA2AAC2E9906}.Ad-Hoc|x86.ActiveCfg = Release|Any CPU
		{301EEA53-637A-4625-8199-FA2AAC2E9906}.Ad-Hoc|x86.Build.0 = Release|Any CPU
		{301EEA53-637A-4625-8199-FA2AAC2E9906}.AppStore|Any CPU.ActiveCfg = Release|Any CPU
		{301EEA53-637A-4625-8199-FA2AAC2E9906}.AppStore|Any CPU.Build.0 = Release|Any CPU
		{301EEA53-637A-4625-8199-FA2AAC2E9906}.AppStore|ARM.ActiveCfg = Release|Any CPU
		{301EEA53-637A-4625-8199-FA2AAC2E9906}.AppStore|ARM.Build.0 = Release|Any CPU
		{301EEA53-637A-4625-8199-FA2AAC2E9906}.AppStore|iPhone.ActiveCfg = Release|Any CPU
		{301EEA53-637A-4625-8199-FA2AAC2E9906}.AppStore|iPhone.Build.0 = Release|Any CPU
		{301EEA53-637A-4625-8199-FA2AAC2E9906}.AppStore|iPhoneSimulator.ActiveCfg = Release|Any CPU
		{301EEA53-637A-4625-8199-FA2AAC2E9906}.AppStore|iPhoneSimulator.Build.0 = Release|Any CPU
		{301EEA53-637A-4625-8199-FA2AAC2E9906}.AppStore|x64.ActiveCfg = Release|Any CPU
		{301EEA53-637A-4625-8199-FA2AAC2E9906}.AppStore|x64.Build.0 = Release|Any CPU
		{301EEA53-637A-4625-8199-FA2AAC2E9906}.AppStore|x86.ActiveCfg = Release|Any CPU
		{301EEA53-637A-4625-8199-FA2AAC2E9906}.AppStore|x86.Build.0 = Release|Any CPU
		{301EEA53-637A-4625-8199-FA2AAC2E9906}.Debug|Any CPU.ActiveCfg = Debug|Any CPU
		{301EEA53-637A-4625-8199-FA2AAC2E9906}.Debug|Any CPU.Build.0 = Debug|Any CPU
		{301EEA53-637A-4625-8199-FA2AAC2E9906}.Debug|ARM.ActiveCfg = Debug|Any CPU
		{301EEA53-637A-4625-8199-FA2AAC2E9906}.Debug|ARM.Build.0 = Debug|Any CPU
		{301EEA53-637A-4625-8199-FA2AAC2E9906}.Debug|iPhone.ActiveCfg = Debug|Any CPU
		{301EEA53-637A-4625-8199-FA2AAC2E9906}.Debug|iPhone.Build.0 = Debug|Any CPU
		{301EEA53-637A-4625-8199-FA2AAC2E9906}.Debug|iPhoneSimulator.ActiveCfg = Debug|Any CPU
		{301EEA53-637A-4625-8199-FA2AAC2E9906}.Debug|iPhoneSimulator.Build.0 = Debug|Any CPU
		{301EEA53-637A-4625-8199-FA2AAC2E9906}.Debug|x64.ActiveCfg = Debug|Any CPU
		{301EEA53-637A-4625-8199-FA2AAC2E9906}.Debug|x64.Build.0 = Debug|Any CPU
		{301EEA53-637A-4625-8199-FA2AAC2E9906}.Debug|x86.ActiveCfg = Debug|Any CPU
		{301EEA53-637A-4625-8199-FA2AAC2E9906}.Debug|x86.Build.0 = Debug|Any CPU
		{301EEA53-637A-4625-8199-FA2AAC2E9906}.Release|Any CPU.ActiveCfg = Release|Any CPU
		{301EEA53-637A-4625-8199-FA2AAC2E9906}.Release|Any CPU.Build.0 = Release|Any CPU
		{301EEA53-637A-4625-8199-FA2AAC2E9906}.Release|ARM.ActiveCfg = Release|Any CPU
		{301EEA53-637A-4625-8199-FA2AAC2E9906}.Release|ARM.Build.0 = Release|Any CPU
		{301EEA53-637A-4625-8199-FA2AAC2E9906}.Release|iPhone.ActiveCfg = Release|Any CPU
		{301EEA53-637A-4625-8199-FA2AAC2E9906}.Release|iPhone.Build.0 = Release|Any CPU
		{301EEA53-637A-4625-8199-FA2AAC2E9906}.Release|iPhoneSimulator.ActiveCfg = Release|Any CPU
		{301EEA53-637A-4625-8199-FA2AAC2E9906}.Release|iPhoneSimulator.Build.0 = Release|Any CPU
		{301EEA53-637A-4625-8199-FA2AAC2E9906}.Release|x64.ActiveCfg = Release|Any CPU
		{301EEA53-637A-4625-8199-FA2AAC2E9906}.Release|x64.Build.0 = Release|Any CPU
		{301EEA53-637A-4625-8199-FA2AAC2E9906}.Release|x86.ActiveCfg = Release|Any CPU
		{301EEA53-637A-4625-8199-FA2AAC2E9906}.Release|x86.Build.0 = Release|Any CPU
		{FE5D7C82-A340-49D9-BA6F-001EE03C1793}.Ad-Hoc|Any CPU.ActiveCfg = Release|x64
		{FE5D7C82-A340-49D9-BA6F-001EE03C1793}.Ad-Hoc|Any CPU.Build.0 = Release|x64
		{FE5D7C82-A340-49D9-BA6F-001EE03C1793}.Ad-Hoc|Any CPU.Deploy.0 = Release|x64
		{FE5D7C82-A340-49D9-BA6F-001EE03C1793}.Ad-Hoc|ARM.ActiveCfg = Release|ARM
		{FE5D7C82-A340-49D9-BA6F-001EE03C1793}.Ad-Hoc|ARM.Build.0 = Release|ARM
		{FE5D7C82-A340-49D9-BA6F-001EE03C1793}.Ad-Hoc|ARM.Deploy.0 = Release|ARM
		{FE5D7C82-A340-49D9-BA6F-001EE03C1793}.Ad-Hoc|iPhone.ActiveCfg = Release|x64
		{FE5D7C82-A340-49D9-BA6F-001EE03C1793}.Ad-Hoc|iPhone.Build.0 = Release|x64
		{FE5D7C82-A340-49D9-BA6F-001EE03C1793}.Ad-Hoc|iPhone.Deploy.0 = Release|x64
		{FE5D7C82-A340-49D9-BA6F-001EE03C1793}.Ad-Hoc|iPhoneSimulator.ActiveCfg = Release|x64
		{FE5D7C82-A340-49D9-BA6F-001EE03C1793}.Ad-Hoc|iPhoneSimulator.Build.0 = Release|x64
		{FE5D7C82-A340-49D9-BA6F-001EE03C1793}.Ad-Hoc|iPhoneSimulator.Deploy.0 = Release|x64
		{FE5D7C82-A340-49D9-BA6F-001EE03C1793}.Ad-Hoc|x64.ActiveCfg = Release|x64
		{FE5D7C82-A340-49D9-BA6F-001EE03C1793}.Ad-Hoc|x64.Build.0 = Release|x64
		{FE5D7C82-A340-49D9-BA6F-001EE03C1793}.Ad-Hoc|x64.Deploy.0 = Release|x64
		{FE5D7C82-A340-49D9-BA6F-001EE03C1793}.Ad-Hoc|x86.ActiveCfg = Release|x86
		{FE5D7C82-A340-49D9-BA6F-001EE03C1793}.Ad-Hoc|x86.Build.0 = Release|x86
		{FE5D7C82-A340-49D9-BA6F-001EE03C1793}.Ad-Hoc|x86.Deploy.0 = Release|x86
		{FE5D7C82-A340-49D9-BA6F-001EE03C1793}.AppStore|Any CPU.ActiveCfg = Release|x64
		{FE5D7C82-A340-49D9-BA6F-001EE03C1793}.AppStore|Any CPU.Build.0 = Release|x64
		{FE5D7C82-A340-49D9-BA6F-001EE03C1793}.AppStore|Any CPU.Deploy.0 = Release|x64
		{FE5D7C82-A340-49D9-BA6F-001EE03C1793}.AppStore|ARM.ActiveCfg = Release|ARM
		{FE5D7C82-A340-49D9-BA6F-001EE03C1793}.AppStore|ARM.Build.0 = Release|ARM
		{FE5D7C82-A340-49D9-BA6F-001EE03C1793}.AppStore|ARM.Deploy.0 = Release|ARM
		{FE5D7C82-A340-49D9-BA6F-001EE03C1793}.AppStore|iPhone.ActiveCfg = Release|x64
		{FE5D7C82-A340-49D9-BA6F-001EE03C1793}.AppStore|iPhone.Build.0 = Release|x64
		{FE5D7C82-A340-49D9-BA6F-001EE03C1793}.AppStore|iPhone.Deploy.0 = Release|x64
		{FE5D7C82-A340-49D9-BA6F-001EE03C1793}.AppStore|iPhoneSimulator.ActiveCfg = Release|x64
		{FE5D7C82-A340-49D9-BA6F-001EE03C1793}.AppStore|iPhoneSimulator.Build.0 = Release|x64
		{FE5D7C82-A340-49D9-BA6F-001EE03C1793}.AppStore|iPhoneSimulator.Deploy.0 = Release|x64
		{FE5D7C82-A340-49D9-BA6F-001EE03C1793}.AppStore|x64.ActiveCfg = Release|x64
		{FE5D7C82-A340-49D9-BA6F-001EE03C1793}.AppStore|x64.Build.0 = Release|x64
		{FE5D7C82-A340-49D9-BA6F-001EE03C1793}.AppStore|x64.Deploy.0 = Release|x64
		{FE5D7C82-A340-49D9-BA6F-001EE03C1793}.AppStore|x86.ActiveCfg = Release|x86
		{FE5D7C82-A340-49D9-BA6F-001EE03C1793}.AppStore|x86.Build.0 = Release|x86
		{FE5D7C82-A340-49D9-BA6F-001EE03C1793}.AppStore|x86.Deploy.0 = Release|x86
		{FE5D7C82-A340-49D9-BA6F-001EE03C1793}.Debug|Any CPU.ActiveCfg = Debug|x86
		{FE5D7C82-A340-49D9-BA6F-001EE03C1793}.Debug|Any CPU.Build.0 = Debug|x86
		{FE5D7C82-A340-49D9-BA6F-001EE03C1793}.Debug|Any CPU.Deploy.0 = Debug|x86
		{FE5D7C82-A340-49D9-BA6F-001EE03C1793}.Debug|ARM.ActiveCfg = Debug|ARM
		{FE5D7C82-A340-49D9-BA6F-001EE03C1793}.Debug|ARM.Build.0 = Debug|ARM
		{FE5D7C82-A340-49D9-BA6F-001EE03C1793}.Debug|ARM.Deploy.0 = Debug|ARM
		{FE5D7C82-A340-49D9-BA6F-001EE03C1793}.Debug|iPhone.ActiveCfg = Debug|x86
		{FE5D7C82-A340-49D9-BA6F-001EE03C1793}.Debug|iPhoneSimulator.ActiveCfg = Debug|x86
		{FE5D7C82-A340-49D9-BA6F-001EE03C1793}.Debug|x64.ActiveCfg = Debug|x64
		{FE5D7C82-A340-49D9-BA6F-001EE03C1793}.Debug|x64.Build.0 = Debug|x64
		{FE5D7C82-A340-49D9-BA6F-001EE03C1793}.Debug|x64.Deploy.0 = Debug|x64
		{FE5D7C82-A340-49D9-BA6F-001EE03C1793}.Debug|x86.ActiveCfg = Debug|x86
		{FE5D7C82-A340-49D9-BA6F-001EE03C1793}.Debug|x86.Build.0 = Debug|x86
		{FE5D7C82-A340-49D9-BA6F-001EE03C1793}.Debug|x86.Deploy.0 = Debug|x86
		{FE5D7C82-A340-49D9-BA6F-001EE03C1793}.Release|Any CPU.ActiveCfg = Release|x86
		{FE5D7C82-A340-49D9-BA6F-001EE03C1793}.Release|ARM.ActiveCfg = Release|ARM
		{FE5D7C82-A340-49D9-BA6F-001EE03C1793}.Release|ARM.Build.0 = Release|ARM
		{FE5D7C82-A340-49D9-BA6F-001EE03C1793}.Release|ARM.Deploy.0 = Release|ARM
		{FE5D7C82-A340-49D9-BA6F-001EE03C1793}.Release|iPhone.ActiveCfg = Release|x86
		{FE5D7C82-A340-49D9-BA6F-001EE03C1793}.Release|iPhoneSimulator.ActiveCfg = Release|x86
		{FE5D7C82-A340-49D9-BA6F-001EE03C1793}.Release|x64.ActiveCfg = Release|x64
		{FE5D7C82-A340-49D9-BA6F-001EE03C1793}.Release|x64.Build.0 = Release|x64
		{FE5D7C82-A340-49D9-BA6F-001EE03C1793}.Release|x64.Deploy.0 = Release|x64
		{FE5D7C82-A340-49D9-BA6F-001EE03C1793}.Release|x86.ActiveCfg = Release|x86
		{FE5D7C82-A340-49D9-BA6F-001EE03C1793}.Release|x86.Build.0 = Release|x86
		{FE5D7C82-A340-49D9-BA6F-001EE03C1793}.Release|x86.Deploy.0 = Release|x86
		{0FCE6E6B-4E10-4C7A-81C4-22BDC4CB17BD}.Ad-Hoc|Any CPU.ActiveCfg = Release|Any CPU
		{0FCE6E6B-4E10-4C7A-81C4-22BDC4CB17BD}.Ad-Hoc|Any CPU.Build.0 = Release|Any CPU
		{0FCE6E6B-4E10-4C7A-81C4-22BDC4CB17BD}.Ad-Hoc|ARM.ActiveCfg = Release|ARM
		{0FCE6E6B-4E10-4C7A-81C4-22BDC4CB17BD}.Ad-Hoc|ARM.Build.0 = Release|ARM
		{0FCE6E6B-4E10-4C7A-81C4-22BDC4CB17BD}.Ad-Hoc|iPhone.ActiveCfg = Release|Any CPU
		{0FCE6E6B-4E10-4C7A-81C4-22BDC4CB17BD}.Ad-Hoc|iPhone.Build.0 = Release|Any CPU
		{0FCE6E6B-4E10-4C7A-81C4-22BDC4CB17BD}.Ad-Hoc|iPhoneSimulator.ActiveCfg = Release|Any CPU
		{0FCE6E6B-4E10-4C7A-81C4-22BDC4CB17BD}.Ad-Hoc|iPhoneSimulator.Build.0 = Release|Any CPU
		{0FCE6E6B-4E10-4C7A-81C4-22BDC4CB17BD}.Ad-Hoc|x64.ActiveCfg = Release|x64
		{0FCE6E6B-4E10-4C7A-81C4-22BDC4CB17BD}.Ad-Hoc|x64.Build.0 = Release|x64
		{0FCE6E6B-4E10-4C7A-81C4-22BDC4CB17BD}.Ad-Hoc|x86.ActiveCfg = Release|x86
		{0FCE6E6B-4E10-4C7A-81C4-22BDC4CB17BD}.Ad-Hoc|x86.Build.0 = Release|x86
		{0FCE6E6B-4E10-4C7A-81C4-22BDC4CB17BD}.AppStore|Any CPU.ActiveCfg = Release|Any CPU
		{0FCE6E6B-4E10-4C7A-81C4-22BDC4CB17BD}.AppStore|Any CPU.Build.0 = Release|Any CPU
		{0FCE6E6B-4E10-4C7A-81C4-22BDC4CB17BD}.AppStore|ARM.ActiveCfg = Release|ARM
		{0FCE6E6B-4E10-4C7A-81C4-22BDC4CB17BD}.AppStore|ARM.Build.0 = Release|ARM
		{0FCE6E6B-4E10-4C7A-81C4-22BDC4CB17BD}.AppStore|iPhone.ActiveCfg = Release|Any CPU
		{0FCE6E6B-4E10-4C7A-81C4-22BDC4CB17BD}.AppStore|iPhone.Build.0 = Release|Any CPU
		{0FCE6E6B-4E10-4C7A-81C4-22BDC4CB17BD}.AppStore|iPhoneSimulator.ActiveCfg = Release|Any CPU
		{0FCE6E6B-4E10-4C7A-81C4-22BDC4CB17BD}.AppStore|iPhoneSimulator.Build.0 = Release|Any CPU
		{0FCE6E6B-4E10-4C7A-81C4-22BDC4CB17BD}.AppStore|x64.ActiveCfg = Release|x64
		{0FCE6E6B-4E10-4C7A-81C4-22BDC4CB17BD}.AppStore|x64.Build.0 = Release|x64
		{0FCE6E6B-4E10-4C7A-81C4-22BDC4CB17BD}.AppStore|x86.ActiveCfg = Release|x86
		{0FCE6E6B-4E10-4C7A-81C4-22BDC4CB17BD}.AppStore|x86.Build.0 = Release|x86
		{0FCE6E6B-4E10-4C7A-81C4-22BDC4CB17BD}.Debug|Any CPU.ActiveCfg = Debug|Any CPU
		{0FCE6E6B-4E10-4C7A-81C4-22BDC4CB17BD}.Debug|Any CPU.Build.0 = Debug|Any CPU
		{0FCE6E6B-4E10-4C7A-81C4-22BDC4CB17BD}.Debug|ARM.ActiveCfg = Debug|ARM
		{0FCE6E6B-4E10-4C7A-81C4-22BDC4CB17BD}.Debug|ARM.Build.0 = Debug|ARM
		{0FCE6E6B-4E10-4C7A-81C4-22BDC4CB17BD}.Debug|iPhone.ActiveCfg = Debug|Any CPU
		{0FCE6E6B-4E10-4C7A-81C4-22BDC4CB17BD}.Debug|iPhone.Build.0 = Debug|Any CPU
		{0FCE6E6B-4E10-4C7A-81C4-22BDC4CB17BD}.Debug|iPhoneSimulator.ActiveCfg = Debug|Any CPU
		{0FCE6E6B-4E10-4C7A-81C4-22BDC4CB17BD}.Debug|iPhoneSimulator.Build.0 = Debug|Any CPU
		{0FCE6E6B-4E10-4C7A-81C4-22BDC4CB17BD}.Debug|x64.ActiveCfg = Debug|x64
		{0FCE6E6B-4E10-4C7A-81C4-22BDC4CB17BD}.Debug|x64.Build.0 = Debug|x64
		{0FCE6E6B-4E10-4C7A-81C4-22BDC4CB17BD}.Debug|x86.ActiveCfg = Debug|x86
		{0FCE6E6B-4E10-4C7A-81C4-22BDC4CB17BD}.Debug|x86.Build.0 = Debug|x86
		{0FCE6E6B-4E10-4C7A-81C4-22BDC4CB17BD}.Release|Any CPU.ActiveCfg = Release|Any CPU
		{0FCE6E6B-4E10-4C7A-81C4-22BDC4CB17BD}.Release|Any CPU.Build.0 = Release|Any CPU
		{0FCE6E6B-4E10-4C7A-81C4-22BDC4CB17BD}.Release|ARM.ActiveCfg = Release|ARM
		{0FCE6E6B-4E10-4C7A-81C4-22BDC4CB17BD}.Release|ARM.Build.0 = Release|ARM
		{0FCE6E6B-4E10-4C7A-81C4-22BDC4CB17BD}.Release|iPhone.ActiveCfg = Release|Any CPU
		{0FCE6E6B-4E10-4C7A-81C4-22BDC4CB17BD}.Release|iPhone.Build.0 = Release|Any CPU
		{0FCE6E6B-4E10-4C7A-81C4-22BDC4CB17BD}.Release|iPhoneSimulator.ActiveCfg = Release|Any CPU
		{0FCE6E6B-4E10-4C7A-81C4-22BDC4CB17BD}.Release|iPhoneSimulator.Build.0 = Release|Any CPU
		{0FCE6E6B-4E10-4C7A-81C4-22BDC4CB17BD}.Release|x64.ActiveCfg = Release|x64
		{0FCE6E6B-4E10-4C7A-81C4-22BDC4CB17BD}.Release|x64.Build.0 = Release|x64
		{0FCE6E6B-4E10-4C7A-81C4-22BDC4CB17BD}.Release|x86.ActiveCfg = Release|x86
		{0FCE6E6B-4E10-4C7A-81C4-22BDC4CB17BD}.Release|x86.Build.0 = Release|x86
		{FE27EC40-AE0E-4DA0-89B6-4EA4C095BC10}.Ad-Hoc|Any CPU.ActiveCfg = Release|Any CPU
		{FE27EC40-AE0E-4DA0-89B6-4EA4C095BC10}.Ad-Hoc|Any CPU.Build.0 = Release|Any CPU
		{FE27EC40-AE0E-4DA0-89B6-4EA4C095BC10}.Ad-Hoc|ARM.ActiveCfg = Release|Any CPU
		{FE27EC40-AE0E-4DA0-89B6-4EA4C095BC10}.Ad-Hoc|ARM.Build.0 = Release|Any CPU
		{FE27EC40-AE0E-4DA0-89B6-4EA4C095BC10}.Ad-Hoc|iPhone.ActiveCfg = Release|Any CPU
		{FE27EC40-AE0E-4DA0-89B6-4EA4C095BC10}.Ad-Hoc|iPhone.Build.0 = Release|Any CPU
		{FE27EC40-AE0E-4DA0-89B6-4EA4C095BC10}.Ad-Hoc|iPhoneSimulator.ActiveCfg = Release|Any CPU
		{FE27EC40-AE0E-4DA0-89B6-4EA4C095BC10}.Ad-Hoc|iPhoneSimulator.Build.0 = Release|Any CPU
		{FE27EC40-AE0E-4DA0-89B6-4EA4C095BC10}.Ad-Hoc|x64.ActiveCfg = Release|Any CPU
		{FE27EC40-AE0E-4DA0-89B6-4EA4C095BC10}.Ad-Hoc|x64.Build.0 = Release|Any CPU
		{FE27EC40-AE0E-4DA0-89B6-4EA4C095BC10}.Ad-Hoc|x86.ActiveCfg = Release|Any CPU
		{FE27EC40-AE0E-4DA0-89B6-4EA4C095BC10}.Ad-Hoc|x86.Build.0 = Release|Any CPU
		{FE27EC40-AE0E-4DA0-89B6-4EA4C095BC10}.AppStore|Any CPU.ActiveCfg = Release|Any CPU
		{FE27EC40-AE0E-4DA0-89B6-4EA4C095BC10}.AppStore|Any CPU.Build.0 = Release|Any CPU
		{FE27EC40-AE0E-4DA0-89B6-4EA4C095BC10}.AppStore|ARM.ActiveCfg = Release|Any CPU
		{FE27EC40-AE0E-4DA0-89B6-4EA4C095BC10}.AppStore|ARM.Build.0 = Release|Any CPU
		{FE27EC40-AE0E-4DA0-89B6-4EA4C095BC10}.AppStore|iPhone.ActiveCfg = Release|Any CPU
		{FE27EC40-AE0E-4DA0-89B6-4EA4C095BC10}.AppStore|iPhone.Build.0 = Release|Any CPU
		{FE27EC40-AE0E-4DA0-89B6-4EA4C095BC10}.AppStore|iPhoneSimulator.ActiveCfg = Release|Any CPU
		{FE27EC40-AE0E-4DA0-89B6-4EA4C095BC10}.AppStore|iPhoneSimulator.Build.0 = Release|Any CPU
		{FE27EC40-AE0E-4DA0-89B6-4EA4C095BC10}.AppStore|x64.ActiveCfg = Release|Any CPU
		{FE27EC40-AE0E-4DA0-89B6-4EA4C095BC10}.AppStore|x64.Build.0 = Release|Any CPU
		{FE27EC40-AE0E-4DA0-89B6-4EA4C095BC10}.AppStore|x86.ActiveCfg = Release|Any CPU
		{FE27EC40-AE0E-4DA0-89B6-4EA4C095BC10}.AppStore|x86.Build.0 = Release|Any CPU
		{FE27EC40-AE0E-4DA0-89B6-4EA4C095BC10}.Debug|Any CPU.ActiveCfg = Debug|Any CPU
		{FE27EC40-AE0E-4DA0-89B6-4EA4C095BC10}.Debug|Any CPU.Build.0 = Debug|Any CPU
		{FE27EC40-AE0E-4DA0-89B6-4EA4C095BC10}.Debug|ARM.ActiveCfg = Debug|Any CPU
		{FE27EC40-AE0E-4DA0-89B6-4EA4C095BC10}.Debug|ARM.Build.0 = Debug|Any CPU
		{FE27EC40-AE0E-4DA0-89B6-4EA4C095BC10}.Debug|iPhone.ActiveCfg = Debug|Any CPU
		{FE27EC40-AE0E-4DA0-89B6-4EA4C095BC10}.Debug|iPhone.Build.0 = Debug|Any CPU
		{FE27EC40-AE0E-4DA0-89B6-4EA4C095BC10}.Debug|iPhoneSimulator.ActiveCfg = Debug|Any CPU
		{FE27EC40-AE0E-4DA0-89B6-4EA4C095BC10}.Debug|iPhoneSimulator.Build.0 = Debug|Any CPU
		{FE27EC40-AE0E-4DA0-89B6-4EA4C095BC10}.Debug|x64.ActiveCfg = Debug|Any CPU
		{FE27EC40-AE0E-4DA0-89B6-4EA4C095BC10}.Debug|x64.Build.0 = Debug|Any CPU
		{FE27EC40-AE0E-4DA0-89B6-4EA4C095BC10}.Debug|x86.ActiveCfg = Debug|Any CPU
		{FE27EC40-AE0E-4DA0-89B6-4EA4C095BC10}.Debug|x86.Build.0 = Debug|Any CPU
		{FE27EC40-AE0E-4DA0-89B6-4EA4C095BC10}.Release|Any CPU.ActiveCfg = Release|Any CPU
		{FE27EC40-AE0E-4DA0-89B6-4EA4C095BC10}.Release|Any CPU.Build.0 = Release|Any CPU
		{FE27EC40-AE0E-4DA0-89B6-4EA4C095BC10}.Release|ARM.ActiveCfg = Release|Any CPU
		{FE27EC40-AE0E-4DA0-89B6-4EA4C095BC10}.Release|ARM.Build.0 = Release|Any CPU
		{FE27EC40-AE0E-4DA0-89B6-4EA4C095BC10}.Release|iPhone.ActiveCfg = Release|Any CPU
		{FE27EC40-AE0E-4DA0-89B6-4EA4C095BC10}.Release|iPhone.Build.0 = Release|Any CPU
		{FE27EC40-AE0E-4DA0-89B6-4EA4C095BC10}.Release|iPhoneSimulator.ActiveCfg = Release|Any CPU
		{FE27EC40-AE0E-4DA0-89B6-4EA4C095BC10}.Release|iPhoneSimulator.Build.0 = Release|Any CPU
		{FE27EC40-AE0E-4DA0-89B6-4EA4C095BC10}.Release|x64.ActiveCfg = Release|Any CPU
		{FE27EC40-AE0E-4DA0-89B6-4EA4C095BC10}.Release|x64.Build.0 = Release|Any CPU
		{FE27EC40-AE0E-4DA0-89B6-4EA4C095BC10}.Release|x86.ActiveCfg = Release|Any CPU
		{FE27EC40-AE0E-4DA0-89B6-4EA4C095BC10}.Release|x86.Build.0 = Release|Any CPU
		{5FCC1095-AE51-470E-96DE-530B3B549E57}.Ad-Hoc|Any CPU.ActiveCfg = Release|Any CPU
		{5FCC1095-AE51-470E-96DE-530B3B549E57}.Ad-Hoc|Any CPU.Build.0 = Release|Any CPU
		{5FCC1095-AE51-470E-96DE-530B3B549E57}.Ad-Hoc|ARM.ActiveCfg = Release|Any CPU
		{5FCC1095-AE51-470E-96DE-530B3B549E57}.Ad-Hoc|ARM.Build.0 = Release|Any CPU
		{5FCC1095-AE51-470E-96DE-530B3B549E57}.Ad-Hoc|iPhone.ActiveCfg = Release|Any CPU
		{5FCC1095-AE51-470E-96DE-530B3B549E57}.Ad-Hoc|iPhone.Build.0 = Release|Any CPU
		{5FCC1095-AE51-470E-96DE-530B3B549E57}.Ad-Hoc|iPhoneSimulator.ActiveCfg = Release|Any CPU
		{5FCC1095-AE51-470E-96DE-530B3B549E57}.Ad-Hoc|iPhoneSimulator.Build.0 = Release|Any CPU
		{5FCC1095-AE51-470E-96DE-530B3B549E57}.Ad-Hoc|x64.ActiveCfg = Release|Any CPU
		{5FCC1095-AE51-470E-96DE-530B3B549E57}.Ad-Hoc|x64.Build.0 = Release|Any CPU
		{5FCC1095-AE51-470E-96DE-530B3B549E57}.Ad-Hoc|x86.ActiveCfg = Release|Any CPU
		{5FCC1095-AE51-470E-96DE-530B3B549E57}.Ad-Hoc|x86.Build.0 = Release|Any CPU
		{5FCC1095-AE51-470E-96DE-530B3B549E57}.AppStore|Any CPU.ActiveCfg = Release|Any CPU
		{5FCC1095-AE51-470E-96DE-530B3B549E57}.AppStore|Any CPU.Build.0 = Release|Any CPU
		{5FCC1095-AE51-470E-96DE-530B3B549E57}.AppStore|ARM.ActiveCfg = Release|Any CPU
		{5FCC1095-AE51-470E-96DE-530B3B549E57}.AppStore|ARM.Build.0 = Release|Any CPU
		{5FCC1095-AE51-470E-96DE-530B3B549E57}.AppStore|iPhone.ActiveCfg = Release|Any CPU
		{5FCC1095-AE51-470E-96DE-530B3B549E57}.AppStore|iPhone.Build.0 = Release|Any CPU
		{5FCC1095-AE51-470E-96DE-530B3B549E57}.AppStore|iPhoneSimulator.ActiveCfg = Release|Any CPU
		{5FCC1095-AE51-470E-96DE-530B3B549E57}.AppStore|iPhoneSimulator.Build.0 = Release|Any CPU
		{5FCC1095-AE51-470E-96DE-530B3B549E57}.AppStore|x64.ActiveCfg = Release|Any CPU
		{5FCC1095-AE51-470E-96DE-530B3B549E57}.AppStore|x64.Build.0 = Release|Any CPU
		{5FCC1095-AE51-470E-96DE-530B3B549E57}.AppStore|x86.ActiveCfg = Release|Any CPU
		{5FCC1095-AE51-470E-96DE-530B3B549E57}.AppStore|x86.Build.0 = Release|Any CPU
		{5FCC1095-AE51-470E-96DE-530B3B549E57}.Debug|Any CPU.ActiveCfg = Debug|Any CPU
		{5FCC1095-AE51-470E-96DE-530B3B549E57}.Debug|Any CPU.Build.0 = Debug|Any CPU
		{5FCC1095-AE51-470E-96DE-530B3B549E57}.Debug|ARM.ActiveCfg = Debug|Any CPU
		{5FCC1095-AE51-470E-96DE-530B3B549E57}.Debug|ARM.Build.0 = Debug|Any CPU
		{5FCC1095-AE51-470E-96DE-530B3B549E57}.Debug|iPhone.ActiveCfg = Debug|Any CPU
		{5FCC1095-AE51-470E-96DE-530B3B549E57}.Debug|iPhone.Build.0 = Debug|Any CPU
		{5FCC1095-AE51-470E-96DE-530B3B549E57}.Debug|iPhoneSimulator.ActiveCfg = Debug|Any CPU
		{5FCC1095-AE51-470E-96DE-530B3B549E57}.Debug|iPhoneSimulator.Build.0 = Debug|Any CPU
		{5FCC1095-AE51-470E-96DE-530B3B549E57}.Debug|x64.ActiveCfg = Debug|Any CPU
		{5FCC1095-AE51-470E-96DE-530B3B549E57}.Debug|x64.Build.0 = Debug|Any CPU
		{5FCC1095-AE51-470E-96DE-530B3B549E57}.Debug|x86.ActiveCfg = Debug|Any CPU
		{5FCC1095-AE51-470E-96DE-530B3B549E57}.Debug|x86.Build.0 = Debug|Any CPU
		{5FCC1095-AE51-470E-96DE-530B3B549E57}.Release|Any CPU.ActiveCfg = Release|Any CPU
		{5FCC1095-AE51-470E-96DE-530B3B549E57}.Release|Any CPU.Build.0 = Release|Any CPU
		{5FCC1095-AE51-470E-96DE-530B3B549E57}.Release|ARM.ActiveCfg = Release|Any CPU
		{5FCC1095-AE51-470E-96DE-530B3B549E57}.Release|ARM.Build.0 = Release|Any CPU
		{5FCC1095-AE51-470E-96DE-530B3B549E57}.Release|iPhone.ActiveCfg = Release|Any CPU
		{5FCC1095-AE51-470E-96DE-530B3B549E57}.Release|iPhone.Build.0 = Release|Any CPU
		{5FCC1095-AE51-470E-96DE-530B3B549E57}.Release|iPhoneSimulator.ActiveCfg = Release|Any CPU
		{5FCC1095-AE51-470E-96DE-530B3B549E57}.Release|iPhoneSimulator.Build.0 = Release|Any CPU
		{5FCC1095-AE51-470E-96DE-530B3B549E57}.Release|x64.ActiveCfg = Release|Any CPU
		{5FCC1095-AE51-470E-96DE-530B3B549E57}.Release|x64.Build.0 = Release|Any CPU
		{5FCC1095-AE51-470E-96DE-530B3B549E57}.Release|x86.ActiveCfg = Release|Any CPU
		{5FCC1095-AE51-470E-96DE-530B3B549E57}.Release|x86.Build.0 = Release|Any CPU
		{792443C9-6C9F-4434-AD5C-88193C118FC8}.Ad-Hoc|Any CPU.ActiveCfg = Release|Any CPU
		{792443C9-6C9F-4434-AD5C-88193C118FC8}.Ad-Hoc|Any CPU.Build.0 = Release|Any CPU
		{792443C9-6C9F-4434-AD5C-88193C118FC8}.Ad-Hoc|Any CPU.Deploy.0 = Release|Any CPU
		{792443C9-6C9F-4434-AD5C-88193C118FC8}.Ad-Hoc|ARM.ActiveCfg = Release|Any CPU
		{792443C9-6C9F-4434-AD5C-88193C118FC8}.Ad-Hoc|ARM.Build.0 = Release|Any CPU
		{792443C9-6C9F-4434-AD5C-88193C118FC8}.Ad-Hoc|ARM.Deploy.0 = Release|Any CPU
		{792443C9-6C9F-4434-AD5C-88193C118FC8}.Ad-Hoc|iPhone.ActiveCfg = Release|Any CPU
		{792443C9-6C9F-4434-AD5C-88193C118FC8}.Ad-Hoc|iPhone.Build.0 = Release|Any CPU
		{792443C9-6C9F-4434-AD5C-88193C118FC8}.Ad-Hoc|iPhone.Deploy.0 = Release|Any CPU
		{792443C9-6C9F-4434-AD5C-88193C118FC8}.Ad-Hoc|iPhoneSimulator.ActiveCfg = Release|Any CPU
		{792443C9-6C9F-4434-AD5C-88193C118FC8}.Ad-Hoc|iPhoneSimulator.Build.0 = Release|Any CPU
		{792443C9-6C9F-4434-AD5C-88193C118FC8}.Ad-Hoc|iPhoneSimulator.Deploy.0 = Release|Any CPU
		{792443C9-6C9F-4434-AD5C-88193C118FC8}.Ad-Hoc|x64.ActiveCfg = Release|Any CPU
		{792443C9-6C9F-4434-AD5C-88193C118FC8}.Ad-Hoc|x64.Build.0 = Release|Any CPU
		{792443C9-6C9F-4434-AD5C-88193C118FC8}.Ad-Hoc|x64.Deploy.0 = Release|Any CPU
		{792443C9-6C9F-4434-AD5C-88193C118FC8}.Ad-Hoc|x86.ActiveCfg = Release|Any CPU
		{792443C9-6C9F-4434-AD5C-88193C118FC8}.Ad-Hoc|x86.Build.0 = Release|Any CPU
		{792443C9-6C9F-4434-AD5C-88193C118FC8}.Ad-Hoc|x86.Deploy.0 = Release|Any CPU
		{792443C9-6C9F-4434-AD5C-88193C118FC8}.AppStore|Any CPU.ActiveCfg = Release|Any CPU
		{792443C9-6C9F-4434-AD5C-88193C118FC8}.AppStore|Any CPU.Build.0 = Release|Any CPU
		{792443C9-6C9F-4434-AD5C-88193C118FC8}.AppStore|Any CPU.Deploy.0 = Release|Any CPU
		{792443C9-6C9F-4434-AD5C-88193C118FC8}.AppStore|ARM.ActiveCfg = Release|Any CPU
		{792443C9-6C9F-4434-AD5C-88193C118FC8}.AppStore|ARM.Build.0 = Release|Any CPU
		{792443C9-6C9F-4434-AD5C-88193C118FC8}.AppStore|ARM.Deploy.0 = Release|Any CPU
		{792443C9-6C9F-4434-AD5C-88193C118FC8}.AppStore|iPhone.ActiveCfg = Release|Any CPU
		{792443C9-6C9F-4434-AD5C-88193C118FC8}.AppStore|iPhone.Build.0 = Release|Any CPU
		{792443C9-6C9F-4434-AD5C-88193C118FC8}.AppStore|iPhone.Deploy.0 = Release|Any CPU
		{792443C9-6C9F-4434-AD5C-88193C118FC8}.AppStore|iPhoneSimulator.ActiveCfg = Release|Any CPU
		{792443C9-6C9F-4434-AD5C-88193C118FC8}.AppStore|iPhoneSimulator.Build.0 = Release|Any CPU
		{792443C9-6C9F-4434-AD5C-88193C118FC8}.AppStore|iPhoneSimulator.Deploy.0 = Release|Any CPU
		{792443C9-6C9F-4434-AD5C-88193C118FC8}.AppStore|x64.ActiveCfg = Release|Any CPU
		{792443C9-6C9F-4434-AD5C-88193C118FC8}.AppStore|x64.Build.0 = Release|Any CPU
		{792443C9-6C9F-4434-AD5C-88193C118FC8}.AppStore|x64.Deploy.0 = Release|Any CPU
		{792443C9-6C9F-4434-AD5C-88193C118FC8}.AppStore|x86.ActiveCfg = Release|Any CPU
		{792443C9-6C9F-4434-AD5C-88193C118FC8}.AppStore|x86.Build.0 = Release|Any CPU
		{792443C9-6C9F-4434-AD5C-88193C118FC8}.AppStore|x86.Deploy.0 = Release|Any CPU
		{792443C9-6C9F-4434-AD5C-88193C118FC8}.Debug|Any CPU.ActiveCfg = Debug|Any CPU
		{792443C9-6C9F-4434-AD5C-88193C118FC8}.Debug|Any CPU.Build.0 = Debug|Any CPU
		{792443C9-6C9F-4434-AD5C-88193C118FC8}.Debug|Any CPU.Deploy.0 = Debug|Any CPU
		{792443C9-6C9F-4434-AD5C-88193C118FC8}.Debug|ARM.ActiveCfg = Debug|Any CPU
		{792443C9-6C9F-4434-AD5C-88193C118FC8}.Debug|ARM.Build.0 = Debug|Any CPU
		{792443C9-6C9F-4434-AD5C-88193C118FC8}.Debug|ARM.Deploy.0 = Debug|Any CPU
		{792443C9-6C9F-4434-AD5C-88193C118FC8}.Debug|iPhone.ActiveCfg = Debug|Any CPU
		{792443C9-6C9F-4434-AD5C-88193C118FC8}.Debug|iPhone.Build.0 = Debug|Any CPU
		{792443C9-6C9F-4434-AD5C-88193C118FC8}.Debug|iPhone.Deploy.0 = Debug|Any CPU
		{792443C9-6C9F-4434-AD5C-88193C118FC8}.Debug|iPhoneSimulator.ActiveCfg = Debug|Any CPU
		{792443C9-6C9F-4434-AD5C-88193C118FC8}.Debug|iPhoneSimulator.Build.0 = Debug|Any CPU
		{792443C9-6C9F-4434-AD5C-88193C118FC8}.Debug|iPhoneSimulator.Deploy.0 = Debug|Any CPU
		{792443C9-6C9F-4434-AD5C-88193C118FC8}.Debug|x64.ActiveCfg = Debug|Any CPU
		{792443C9-6C9F-4434-AD5C-88193C118FC8}.Debug|x64.Build.0 = Debug|Any CPU
		{792443C9-6C9F-4434-AD5C-88193C118FC8}.Debug|x64.Deploy.0 = Debug|Any CPU
		{792443C9-6C9F-4434-AD5C-88193C118FC8}.Debug|x86.ActiveCfg = Debug|Any CPU
		{792443C9-6C9F-4434-AD5C-88193C118FC8}.Debug|x86.Build.0 = Debug|Any CPU
		{792443C9-6C9F-4434-AD5C-88193C118FC8}.Debug|x86.Deploy.0 = Debug|Any CPU
		{792443C9-6C9F-4434-AD5C-88193C118FC8}.Release|Any CPU.ActiveCfg = Release|Any CPU
		{792443C9-6C9F-4434-AD5C-88193C118FC8}.Release|Any CPU.Build.0 = Release|Any CPU
		{792443C9-6C9F-4434-AD5C-88193C118FC8}.Release|Any CPU.Deploy.0 = Release|Any CPU
		{792443C9-6C9F-4434-AD5C-88193C118FC8}.Release|ARM.ActiveCfg = Release|Any CPU
		{792443C9-6C9F-4434-AD5C-88193C118FC8}.Release|ARM.Build.0 = Release|Any CPU
		{792443C9-6C9F-4434-AD5C-88193C118FC8}.Release|ARM.Deploy.0 = Release|Any CPU
		{792443C9-6C9F-4434-AD5C-88193C118FC8}.Release|iPhone.ActiveCfg = Release|Any CPU
		{792443C9-6C9F-4434-AD5C-88193C118FC8}.Release|iPhone.Build.0 = Release|Any CPU
		{792443C9-6C9F-4434-AD5C-88193C118FC8}.Release|iPhone.Deploy.0 = Release|Any CPU
		{792443C9-6C9F-4434-AD5C-88193C118FC8}.Release|iPhoneSimulator.ActiveCfg = Release|Any CPU
		{792443C9-6C9F-4434-AD5C-88193C118FC8}.Release|iPhoneSimulator.Build.0 = Release|Any CPU
		{792443C9-6C9F-4434-AD5C-88193C118FC8}.Release|iPhoneSimulator.Deploy.0 = Release|Any CPU
		{792443C9-6C9F-4434-AD5C-88193C118FC8}.Release|x64.ActiveCfg = Release|Any CPU
		{792443C9-6C9F-4434-AD5C-88193C118FC8}.Release|x64.Build.0 = Release|Any CPU
		{792443C9-6C9F-4434-AD5C-88193C118FC8}.Release|x64.Deploy.0 = Release|Any CPU
		{792443C9-6C9F-4434-AD5C-88193C118FC8}.Release|x86.ActiveCfg = Release|Any CPU
		{792443C9-6C9F-4434-AD5C-88193C118FC8}.Release|x86.Build.0 = Release|Any CPU
		{792443C9-6C9F-4434-AD5C-88193C118FC8}.Release|x86.Deploy.0 = Release|Any CPU
		{E629BE54-196F-4EEB-878C-5CB2C5F5C645}.Ad-Hoc|Any CPU.ActiveCfg = Release|Any CPU
		{E629BE54-196F-4EEB-878C-5CB2C5F5C645}.Ad-Hoc|Any CPU.Build.0 = Release|Any CPU
		{E629BE54-196F-4EEB-878C-5CB2C5F5C645}.Ad-Hoc|ARM.ActiveCfg = Release|Any CPU
		{E629BE54-196F-4EEB-878C-5CB2C5F5C645}.Ad-Hoc|ARM.Build.0 = Release|Any CPU
		{E629BE54-196F-4EEB-878C-5CB2C5F5C645}.Ad-Hoc|iPhone.ActiveCfg = Release|Any CPU
		{E629BE54-196F-4EEB-878C-5CB2C5F5C645}.Ad-Hoc|iPhone.Build.0 = Release|Any CPU
		{E629BE54-196F-4EEB-878C-5CB2C5F5C645}.Ad-Hoc|iPhoneSimulator.ActiveCfg = Release|Any CPU
		{E629BE54-196F-4EEB-878C-5CB2C5F5C645}.Ad-Hoc|iPhoneSimulator.Build.0 = Release|Any CPU
		{E629BE54-196F-4EEB-878C-5CB2C5F5C645}.Ad-Hoc|x64.ActiveCfg = Release|Any CPU
		{E629BE54-196F-4EEB-878C-5CB2C5F5C645}.Ad-Hoc|x64.Build.0 = Release|Any CPU
		{E629BE54-196F-4EEB-878C-5CB2C5F5C645}.Ad-Hoc|x86.ActiveCfg = Release|Any CPU
		{E629BE54-196F-4EEB-878C-5CB2C5F5C645}.Ad-Hoc|x86.Build.0 = Release|Any CPU
		{E629BE54-196F-4EEB-878C-5CB2C5F5C645}.AppStore|Any CPU.ActiveCfg = Release|Any CPU
		{E629BE54-196F-4EEB-878C-5CB2C5F5C645}.AppStore|Any CPU.Build.0 = Release|Any CPU
		{E629BE54-196F-4EEB-878C-5CB2C5F5C645}.AppStore|ARM.ActiveCfg = Release|Any CPU
		{E629BE54-196F-4EEB-878C-5CB2C5F5C645}.AppStore|ARM.Build.0 = Release|Any CPU
		{E629BE54-196F-4EEB-878C-5CB2C5F5C645}.AppStore|iPhone.ActiveCfg = Release|Any CPU
		{E629BE54-196F-4EEB-878C-5CB2C5F5C645}.AppStore|iPhone.Build.0 = Release|Any CPU
		{E629BE54-196F-4EEB-878C-5CB2C5F5C645}.AppStore|iPhoneSimulator.ActiveCfg = Release|Any CPU
		{E629BE54-196F-4EEB-878C-5CB2C5F5C645}.AppStore|iPhoneSimulator.Build.0 = Release|Any CPU
		{E629BE54-196F-4EEB-878C-5CB2C5F5C645}.AppStore|x64.ActiveCfg = Release|Any CPU
		{E629BE54-196F-4EEB-878C-5CB2C5F5C645}.AppStore|x64.Build.0 = Release|Any CPU
		{E629BE54-196F-4EEB-878C-5CB2C5F5C645}.AppStore|x86.ActiveCfg = Release|Any CPU
		{E629BE54-196F-4EEB-878C-5CB2C5F5C645}.AppStore|x86.Build.0 = Release|Any CPU
		{E629BE54-196F-4EEB-878C-5CB2C5F5C645}.Debug|Any CPU.ActiveCfg = Debug|Any CPU
		{E629BE54-196F-4EEB-878C-5CB2C5F5C645}.Debug|Any CPU.Build.0 = Debug|Any CPU
		{E629BE54-196F-4EEB-878C-5CB2C5F5C645}.Debug|ARM.ActiveCfg = Debug|Any CPU
		{E629BE54-196F-4EEB-878C-5CB2C5F5C645}.Debug|ARM.Build.0 = Debug|Any CPU
		{E629BE54-196F-4EEB-878C-5CB2C5F5C645}.Debug|iPhone.ActiveCfg = Debug|Any CPU
		{E629BE54-196F-4EEB-878C-5CB2C5F5C645}.Debug|iPhone.Build.0 = Debug|Any CPU
		{E629BE54-196F-4EEB-878C-5CB2C5F5C645}.Debug|iPhoneSimulator.ActiveCfg = Debug|Any CPU
		{E629BE54-196F-4EEB-878C-5CB2C5F5C645}.Debug|iPhoneSimulator.Build.0 = Debug|Any CPU
		{E629BE54-196F-4EEB-878C-5CB2C5F5C645}.Debug|x64.ActiveCfg = Debug|Any CPU
		{E629BE54-196F-4EEB-878C-5CB2C5F5C645}.Debug|x64.Build.0 = Debug|Any CPU
		{E629BE54-196F-4EEB-878C-5CB2C5F5C645}.Debug|x86.ActiveCfg = Debug|Any CPU
		{E629BE54-196F-4EEB-878C-5CB2C5F5C645}.Debug|x86.Build.0 = Debug|Any CPU
		{E629BE54-196F-4EEB-878C-5CB2C5F5C645}.Release|Any CPU.ActiveCfg = Release|Any CPU
		{E629BE54-196F-4EEB-878C-5CB2C5F5C645}.Release|Any CPU.Build.0 = Release|Any CPU
		{E629BE54-196F-4EEB-878C-5CB2C5F5C645}.Release|ARM.ActiveCfg = Release|Any CPU
		{E629BE54-196F-4EEB-878C-5CB2C5F5C645}.Release|ARM.Build.0 = Release|Any CPU
		{E629BE54-196F-4EEB-878C-5CB2C5F5C645}.Release|iPhone.ActiveCfg = Release|Any CPU
		{E629BE54-196F-4EEB-878C-5CB2C5F5C645}.Release|iPhone.Build.0 = Release|Any CPU
		{E629BE54-196F-4EEB-878C-5CB2C5F5C645}.Release|iPhoneSimulator.ActiveCfg = Release|Any CPU
		{E629BE54-196F-4EEB-878C-5CB2C5F5C645}.Release|iPhoneSimulator.Build.0 = Release|Any CPU
		{E629BE54-196F-4EEB-878C-5CB2C5F5C645}.Release|x64.ActiveCfg = Release|Any CPU
		{E629BE54-196F-4EEB-878C-5CB2C5F5C645}.Release|x64.Build.0 = Release|Any CPU
		{E629BE54-196F-4EEB-878C-5CB2C5F5C645}.Release|x86.ActiveCfg = Release|Any CPU
		{E629BE54-196F-4EEB-878C-5CB2C5F5C645}.Release|x86.Build.0 = Release|Any CPU
		{E8BE30ED-815B-4498-99B6-819F33CEC5D8}.Ad-Hoc|Any CPU.ActiveCfg = Release|Any CPU
		{E8BE30ED-815B-4498-99B6-819F33CEC5D8}.Ad-Hoc|Any CPU.Build.0 = Release|Any CPU
		{E8BE30ED-815B-4498-99B6-819F33CEC5D8}.Ad-Hoc|ARM.ActiveCfg = Release|Any CPU
		{E8BE30ED-815B-4498-99B6-819F33CEC5D8}.Ad-Hoc|ARM.Build.0 = Release|Any CPU
		{E8BE30ED-815B-4498-99B6-819F33CEC5D8}.Ad-Hoc|iPhone.ActiveCfg = Release|Any CPU
		{E8BE30ED-815B-4498-99B6-819F33CEC5D8}.Ad-Hoc|iPhone.Build.0 = Release|Any CPU
		{E8BE30ED-815B-4498-99B6-819F33CEC5D8}.Ad-Hoc|iPhoneSimulator.ActiveCfg = Release|Any CPU
		{E8BE30ED-815B-4498-99B6-819F33CEC5D8}.Ad-Hoc|iPhoneSimulator.Build.0 = Release|Any CPU
		{E8BE30ED-815B-4498-99B6-819F33CEC5D8}.Ad-Hoc|x64.ActiveCfg = Release|Any CPU
		{E8BE30ED-815B-4498-99B6-819F33CEC5D8}.Ad-Hoc|x64.Build.0 = Release|Any CPU
		{E8BE30ED-815B-4498-99B6-819F33CEC5D8}.Ad-Hoc|x86.ActiveCfg = Release|Any CPU
		{E8BE30ED-815B-4498-99B6-819F33CEC5D8}.Ad-Hoc|x86.Build.0 = Release|Any CPU
		{E8BE30ED-815B-4498-99B6-819F33CEC5D8}.AppStore|Any CPU.ActiveCfg = Release|Any CPU
		{E8BE30ED-815B-4498-99B6-819F33CEC5D8}.AppStore|Any CPU.Build.0 = Release|Any CPU
		{E8BE30ED-815B-4498-99B6-819F33CEC5D8}.AppStore|ARM.ActiveCfg = Release|Any CPU
		{E8BE30ED-815B-4498-99B6-819F33CEC5D8}.AppStore|ARM.Build.0 = Release|Any CPU
		{E8BE30ED-815B-4498-99B6-819F33CEC5D8}.AppStore|iPhone.ActiveCfg = Release|Any CPU
		{E8BE30ED-815B-4498-99B6-819F33CEC5D8}.AppStore|iPhone.Build.0 = Release|Any CPU
		{E8BE30ED-815B-4498-99B6-819F33CEC5D8}.AppStore|iPhoneSimulator.ActiveCfg = Release|Any CPU
		{E8BE30ED-815B-4498-99B6-819F33CEC5D8}.AppStore|iPhoneSimulator.Build.0 = Release|Any CPU
		{E8BE30ED-815B-4498-99B6-819F33CEC5D8}.AppStore|x64.ActiveCfg = Release|Any CPU
		{E8BE30ED-815B-4498-99B6-819F33CEC5D8}.AppStore|x64.Build.0 = Release|Any CPU
		{E8BE30ED-815B-4498-99B6-819F33CEC5D8}.AppStore|x86.ActiveCfg = Release|Any CPU
		{E8BE30ED-815B-4498-99B6-819F33CEC5D8}.AppStore|x86.Build.0 = Release|Any CPU
		{E8BE30ED-815B-4498-99B6-819F33CEC5D8}.Debug|Any CPU.ActiveCfg = Debug|Any CPU
		{E8BE30ED-815B-4498-99B6-819F33CEC5D8}.Debug|Any CPU.Build.0 = Debug|Any CPU
		{E8BE30ED-815B-4498-99B6-819F33CEC5D8}.Debug|ARM.ActiveCfg = Debug|Any CPU
		{E8BE30ED-815B-4498-99B6-819F33CEC5D8}.Debug|ARM.Build.0 = Debug|Any CPU
		{E8BE30ED-815B-4498-99B6-819F33CEC5D8}.Debug|iPhone.ActiveCfg = Debug|Any CPU
		{E8BE30ED-815B-4498-99B6-819F33CEC5D8}.Debug|iPhone.Build.0 = Debug|Any CPU
		{E8BE30ED-815B-4498-99B6-819F33CEC5D8}.Debug|iPhoneSimulator.ActiveCfg = Debug|Any CPU
		{E8BE30ED-815B-4498-99B6-819F33CEC5D8}.Debug|iPhoneSimulator.Build.0 = Debug|Any CPU
		{E8BE30ED-815B-4498-99B6-819F33CEC5D8}.Debug|x64.ActiveCfg = Debug|Any CPU
		{E8BE30ED-815B-4498-99B6-819F33CEC5D8}.Debug|x64.Build.0 = Debug|Any CPU
		{E8BE30ED-815B-4498-99B6-819F33CEC5D8}.Debug|x86.ActiveCfg = Debug|Any CPU
		{E8BE30ED-815B-4498-99B6-819F33CEC5D8}.Debug|x86.Build.0 = Debug|Any CPU
		{E8BE30ED-815B-4498-99B6-819F33CEC5D8}.Release|Any CPU.ActiveCfg = Release|Any CPU
		{E8BE30ED-815B-4498-99B6-819F33CEC5D8}.Release|Any CPU.Build.0 = Release|Any CPU
		{E8BE30ED-815B-4498-99B6-819F33CEC5D8}.Release|ARM.ActiveCfg = Release|Any CPU
		{E8BE30ED-815B-4498-99B6-819F33CEC5D8}.Release|ARM.Build.0 = Release|Any CPU
		{E8BE30ED-815B-4498-99B6-819F33CEC5D8}.Release|iPhone.ActiveCfg = Release|Any CPU
		{E8BE30ED-815B-4498-99B6-819F33CEC5D8}.Release|iPhone.Build.0 = Release|Any CPU
		{E8BE30ED-815B-4498-99B6-819F33CEC5D8}.Release|iPhoneSimulator.ActiveCfg = Release|Any CPU
		{E8BE30ED-815B-4498-99B6-819F33CEC5D8}.Release|iPhoneSimulator.Build.0 = Release|Any CPU
		{E8BE30ED-815B-4498-99B6-819F33CEC5D8}.Release|x64.ActiveCfg = Release|Any CPU
		{E8BE30ED-815B-4498-99B6-819F33CEC5D8}.Release|x64.Build.0 = Release|Any CPU
		{E8BE30ED-815B-4498-99B6-819F33CEC5D8}.Release|x86.ActiveCfg = Release|Any CPU
		{E8BE30ED-815B-4498-99B6-819F33CEC5D8}.Release|x86.Build.0 = Release|Any CPU
		{75DD2887-D200-4A3F-AEAA-04CAF991C3B7}.Ad-Hoc|Any CPU.ActiveCfg = Release|Any CPU
		{75DD2887-D200-4A3F-AEAA-04CAF991C3B7}.Ad-Hoc|Any CPU.Build.0 = Release|Any CPU
		{75DD2887-D200-4A3F-AEAA-04CAF991C3B7}.Ad-Hoc|ARM.ActiveCfg = Release|Any CPU
		{75DD2887-D200-4A3F-AEAA-04CAF991C3B7}.Ad-Hoc|ARM.Build.0 = Release|Any CPU
		{75DD2887-D200-4A3F-AEAA-04CAF991C3B7}.Ad-Hoc|iPhone.ActiveCfg = Release|Any CPU
		{75DD2887-D200-4A3F-AEAA-04CAF991C3B7}.Ad-Hoc|iPhone.Build.0 = Release|Any CPU
		{75DD2887-D200-4A3F-AEAA-04CAF991C3B7}.Ad-Hoc|iPhoneSimulator.ActiveCfg = Release|Any CPU
		{75DD2887-D200-4A3F-AEAA-04CAF991C3B7}.Ad-Hoc|iPhoneSimulator.Build.0 = Release|Any CPU
		{75DD2887-D200-4A3F-AEAA-04CAF991C3B7}.Ad-Hoc|x64.ActiveCfg = Release|Any CPU
		{75DD2887-D200-4A3F-AEAA-04CAF991C3B7}.Ad-Hoc|x64.Build.0 = Release|Any CPU
		{75DD2887-D200-4A3F-AEAA-04CAF991C3B7}.Ad-Hoc|x86.ActiveCfg = Release|Any CPU
		{75DD2887-D200-4A3F-AEAA-04CAF991C3B7}.Ad-Hoc|x86.Build.0 = Release|Any CPU
		{75DD2887-D200-4A3F-AEAA-04CAF991C3B7}.AppStore|Any CPU.ActiveCfg = Release|Any CPU
		{75DD2887-D200-4A3F-AEAA-04CAF991C3B7}.AppStore|Any CPU.Build.0 = Release|Any CPU
		{75DD2887-D200-4A3F-AEAA-04CAF991C3B7}.AppStore|ARM.ActiveCfg = Release|Any CPU
		{75DD2887-D200-4A3F-AEAA-04CAF991C3B7}.AppStore|ARM.Build.0 = Release|Any CPU
		{75DD2887-D200-4A3F-AEAA-04CAF991C3B7}.AppStore|iPhone.ActiveCfg = Release|Any CPU
		{75DD2887-D200-4A3F-AEAA-04CAF991C3B7}.AppStore|iPhone.Build.0 = Release|Any CPU
		{75DD2887-D200-4A3F-AEAA-04CAF991C3B7}.AppStore|iPhoneSimulator.ActiveCfg = Release|Any CPU
		{75DD2887-D200-4A3F-AEAA-04CAF991C3B7}.AppStore|iPhoneSimulator.Build.0 = Release|Any CPU
		{75DD2887-D200-4A3F-AEAA-04CAF991C3B7}.AppStore|x64.ActiveCfg = Release|Any CPU
		{75DD2887-D200-4A3F-AEAA-04CAF991C3B7}.AppStore|x64.Build.0 = Release|Any CPU
		{75DD2887-D200-4A3F-AEAA-04CAF991C3B7}.AppStore|x86.ActiveCfg = Release|Any CPU
		{75DD2887-D200-4A3F-AEAA-04CAF991C3B7}.AppStore|x86.Build.0 = Release|Any CPU
		{75DD2887-D200-4A3F-AEAA-04CAF991C3B7}.Debug|Any CPU.ActiveCfg = Debug|Any CPU
		{75DD2887-D200-4A3F-AEAA-04CAF991C3B7}.Debug|Any CPU.Build.0 = Debug|Any CPU
		{75DD2887-D200-4A3F-AEAA-04CAF991C3B7}.Debug|ARM.ActiveCfg = Debug|Any CPU
		{75DD2887-D200-4A3F-AEAA-04CAF991C3B7}.Debug|ARM.Build.0 = Debug|Any CPU
		{75DD2887-D200-4A3F-AEAA-04CAF991C3B7}.Debug|iPhone.ActiveCfg = Debug|Any CPU
		{75DD2887-D200-4A3F-AEAA-04CAF991C3B7}.Debug|iPhone.Build.0 = Debug|Any CPU
		{75DD2887-D200-4A3F-AEAA-04CAF991C3B7}.Debug|iPhoneSimulator.ActiveCfg = Debug|Any CPU
		{75DD2887-D200-4A3F-AEAA-04CAF991C3B7}.Debug|iPhoneSimulator.Build.0 = Debug|Any CPU
		{75DD2887-D200-4A3F-AEAA-04CAF991C3B7}.Debug|x64.ActiveCfg = Debug|Any CPU
		{75DD2887-D200-4A3F-AEAA-04CAF991C3B7}.Debug|x64.Build.0 = Debug|Any CPU
		{75DD2887-D200-4A3F-AEAA-04CAF991C3B7}.Debug|x86.ActiveCfg = Debug|Any CPU
		{75DD2887-D200-4A3F-AEAA-04CAF991C3B7}.Debug|x86.Build.0 = Debug|Any CPU
		{75DD2887-D200-4A3F-AEAA-04CAF991C3B7}.Release|Any CPU.ActiveCfg = Release|Any CPU
		{75DD2887-D200-4A3F-AEAA-04CAF991C3B7}.Release|Any CPU.Build.0 = Release|Any CPU
		{75DD2887-D200-4A3F-AEAA-04CAF991C3B7}.Release|ARM.ActiveCfg = Release|Any CPU
		{75DD2887-D200-4A3F-AEAA-04CAF991C3B7}.Release|ARM.Build.0 = Release|Any CPU
		{75DD2887-D200-4A3F-AEAA-04CAF991C3B7}.Release|iPhone.ActiveCfg = Release|Any CPU
		{75DD2887-D200-4A3F-AEAA-04CAF991C3B7}.Release|iPhone.Build.0 = Release|Any CPU
		{75DD2887-D200-4A3F-AEAA-04CAF991C3B7}.Release|iPhoneSimulator.ActiveCfg = Release|Any CPU
		{75DD2887-D200-4A3F-AEAA-04CAF991C3B7}.Release|iPhoneSimulator.Build.0 = Release|Any CPU
		{75DD2887-D200-4A3F-AEAA-04CAF991C3B7}.Release|x64.ActiveCfg = Release|Any CPU
		{75DD2887-D200-4A3F-AEAA-04CAF991C3B7}.Release|x64.Build.0 = Release|Any CPU
		{75DD2887-D200-4A3F-AEAA-04CAF991C3B7}.Release|x86.ActiveCfg = Release|Any CPU
		{75DD2887-D200-4A3F-AEAA-04CAF991C3B7}.Release|x86.Build.0 = Release|Any CPU
		{6AABC256-099D-4A05-8BA8-5A48E3400906}.Ad-Hoc|Any CPU.ActiveCfg = Ad-Hoc|iPhone
		{6AABC256-099D-4A05-8BA8-5A48E3400906}.Ad-Hoc|ARM.ActiveCfg = Ad-Hoc|iPhone
		{6AABC256-099D-4A05-8BA8-5A48E3400906}.Ad-Hoc|iPhone.ActiveCfg = Ad-Hoc|iPhone
		{6AABC256-099D-4A05-8BA8-5A48E3400906}.Ad-Hoc|iPhone.Build.0 = Ad-Hoc|iPhone
		{6AABC256-099D-4A05-8BA8-5A48E3400906}.Ad-Hoc|iPhoneSimulator.ActiveCfg = Ad-Hoc|iPhoneSimulator
		{6AABC256-099D-4A05-8BA8-5A48E3400906}.Ad-Hoc|iPhoneSimulator.Build.0 = Ad-Hoc|iPhoneSimulator
		{6AABC256-099D-4A05-8BA8-5A48E3400906}.Ad-Hoc|x64.ActiveCfg = Ad-Hoc|iPhone
		{6AABC256-099D-4A05-8BA8-5A48E3400906}.Ad-Hoc|x86.ActiveCfg = Ad-Hoc|iPhone
		{6AABC256-099D-4A05-8BA8-5A48E3400906}.AppStore|Any CPU.ActiveCfg = AppStore|iPhone
		{6AABC256-099D-4A05-8BA8-5A48E3400906}.AppStore|ARM.ActiveCfg = AppStore|iPhone
		{6AABC256-099D-4A05-8BA8-5A48E3400906}.AppStore|iPhone.ActiveCfg = AppStore|iPhone
		{6AABC256-099D-4A05-8BA8-5A48E3400906}.AppStore|iPhone.Build.0 = AppStore|iPhone
		{6AABC256-099D-4A05-8BA8-5A48E3400906}.AppStore|iPhoneSimulator.ActiveCfg = AppStore|iPhoneSimulator
		{6AABC256-099D-4A05-8BA8-5A48E3400906}.AppStore|iPhoneSimulator.Build.0 = AppStore|iPhoneSimulator
		{6AABC256-099D-4A05-8BA8-5A48E3400906}.AppStore|x64.ActiveCfg = AppStore|iPhone
		{6AABC256-099D-4A05-8BA8-5A48E3400906}.AppStore|x86.ActiveCfg = AppStore|iPhone
		{6AABC256-099D-4A05-8BA8-5A48E3400906}.Debug|Any CPU.ActiveCfg = Debug|iPhone
		{6AABC256-099D-4A05-8BA8-5A48E3400906}.Debug|ARM.ActiveCfg = Debug|iPhone
		{6AABC256-099D-4A05-8BA8-5A48E3400906}.Debug|iPhone.ActiveCfg = Debug|iPhone
		{6AABC256-099D-4A05-8BA8-5A48E3400906}.Debug|iPhone.Build.0 = Debug|iPhone
		{6AABC256-099D-4A05-8BA8-5A48E3400906}.Debug|iPhoneSimulator.ActiveCfg = Debug|iPhoneSimulator
		{6AABC256-099D-4A05-8BA8-5A48E3400906}.Debug|iPhoneSimulator.Build.0 = Debug|iPhoneSimulator
		{6AABC256-099D-4A05-8BA8-5A48E3400906}.Debug|x64.ActiveCfg = Debug|iPhone
		{6AABC256-099D-4A05-8BA8-5A48E3400906}.Debug|x86.ActiveCfg = Debug|iPhone
		{6AABC256-099D-4A05-8BA8-5A48E3400906}.Release|Any CPU.ActiveCfg = Release|iPhone
		{6AABC256-099D-4A05-8BA8-5A48E3400906}.Release|ARM.ActiveCfg = Release|iPhone
		{6AABC256-099D-4A05-8BA8-5A48E3400906}.Release|iPhone.ActiveCfg = Release|iPhone
		{6AABC256-099D-4A05-8BA8-5A48E3400906}.Release|iPhone.Build.0 = Release|iPhone
		{6AABC256-099D-4A05-8BA8-5A48E3400906}.Release|iPhoneSimulator.ActiveCfg = Release|iPhoneSimulator
		{6AABC256-099D-4A05-8BA8-5A48E3400906}.Release|iPhoneSimulator.Build.0 = Release|iPhoneSimulator
		{6AABC256-099D-4A05-8BA8-5A48E3400906}.Release|x64.ActiveCfg = Release|iPhone
		{6AABC256-099D-4A05-8BA8-5A48E3400906}.Release|x86.ActiveCfg = Release|iPhone
	EndGlobalSection
	GlobalSection(SolutionProperties) = preSolution
		HideSolutionNode = FALSE
	EndGlobalSection
	GlobalSection(NestedProjects) = preSolution
		{301EEA53-637A-4625-8199-FA2AAC2E9906} = {F0EE724B-C28F-4C09-86A6-B87021052DFD}
		{FE5D7C82-A340-49D9-BA6F-001EE03C1793} = {C257BD17-9B68-4CA2-858D-A616983E340D}
		{D44B775E-6A8D-41D7-96D7-C6EEAFFE8EFE} = {1E594A8C-F8EB-4B9F-B957-D20C0EBC7921}
		{0FCE6E6B-4E10-4C7A-81C4-22BDC4CB17BD} = {F0EE724B-C28F-4C09-86A6-B87021052DFD}
		{FE27EC40-AE0E-4DA0-89B6-4EA4C095BC10} = {A9D136F1-02EC-4AF4-A4D4-CB8F17C1104D}
		{F362BD9C-88A5-46FB-8B06-D07B484222C0} = {1E594A8C-F8EB-4B9F-B957-D20C0EBC7921}
		{5FCC1095-AE51-470E-96DE-530B3B549E57} = {F0EE724B-C28F-4C09-86A6-B87021052DFD}
		{792443C9-6C9F-4434-AD5C-88193C118FC8} = {C257BD17-9B68-4CA2-858D-A616983E340D}
		{E629BE54-196F-4EEB-878C-5CB2C5F5C645} = {C257BD17-9B68-4CA2-858D-A616983E340D}
		{E8BE30ED-815B-4498-99B6-819F33CEC5D8} = {4D4CC3E6-5BD8-4BB2-91F5-154D9F82AABB}
		{0AFB822A-F55F-4088-BF84-D58F23C8DB30} = {C257BD17-9B68-4CA2-858D-A616983E340D}
		{75DD2887-D200-4A3F-AEAA-04CAF991C3B7} = {F0EE724B-C28F-4C09-86A6-B87021052DFD}
		{6AABC256-099D-4A05-8BA8-5A48E3400906} = {C257BD17-9B68-4CA2-858D-A616983E340D}
	EndGlobalSection
EndGlobal
